
Microsoft Visual Studio Solution File, Format Version 12.00
# Visual Studio Version 17
VisualStudioVersion = 17.2.32630.192
MinimumVisualStudioVersion = 10.0.40219.1
Project("{9A19103F-16F7-4668-BE54-9A1E7A4F7556}") = "R5T.F0098.Construction", "R5T.F0098.Construction\R5T.F0098.Construction.csproj", "{8D2642B9-AB19-4545-A038-51A41F7D2FE7}"
EndProject
Project("{9A19103F-16F7-4668-BE54-9A1E7A4F7556}") = "R5T.F0098", "R5T.F0098\R5T.F0098.csproj", "{645427BC-9AC5-48E0-A497-07AC634D50AA}"
EndProject
Project("{2150E333-8FDC-42A3-9474-1A3956D46DE8}") = "_Dependencies", "_Dependencies", "{DE4052D5-A755-4B4E-B12B-DF45C23A77F0}"
EndProject
Project("{9A19103F-16F7-4668-BE54-9A1E7A4F7556}") = "R5T.T0132", "..\..\R5T.T0132\source\R5T.T0132\R5T.T0132.csproj", "{7EADDE34-890C-41B0-94AA-E79E7F425834}"
EndProject
Project("{9A19103F-16F7-4668-BE54-9A1E7A4F7556}") = "R5T.T0143", "..\..\R5T.T0143\source\R5T.T0143\R5T.T0143.csproj", "{96A68436-D58B-418C-AC51-03E075DE63A0}"
EndProject
Project("{9A19103F-16F7-4668-BE54-9A1E7A4F7556}") = "R5T.T0131", "..\..\R5T.T0131\source\R5T.T0131\R5T.T0131.csproj", "{564E6358-2CBA-46C2-AF51-3CD91CF2FDF4}"
EndProject
Project("{9A19103F-16F7-4668-BE54-9A1E7A4F7556}") = "R5T.T0142", "..\..\R5T.T0142\source\R5T.T0142\R5T.T0142.csproj", "{3A4CDDAB-B5D3-47A4-9CE8-A55F289460D9}"
EndProject
Project("{9A19103F-16F7-4668-BE54-9A1E7A4F7556}") = "R5T.L0066", "..\..\R5T.L0066\source\R5T.L0066\R5T.L0066.csproj", "{940351C9-1761-49FC-A0DE-43E02424F445}"
EndProject
Project("{9A19103F-16F7-4668-BE54-9A1E7A4F7556}") = "R5T.T0156", "..\..\R5T.T0156\source\R5T.T0156\R5T.T0156.csproj", "{39C4804A-42C3-473B-8931-D2D5189E27F1}"
EndProject
Project("{9A19103F-16F7-4668-BE54-9A1E7A4F7556}") = "R5T.T0241", "..\..\R5T.T0241\source\R5T.T0241\R5T.T0241.csproj", "{2AA9DDA9-AA3E-4A59-9648-C087DF9770E8}"
EndProject
Project("{9A19103F-16F7-4668-BE54-9A1E7A4F7556}") = "R5T.Y0006", "..\..\R5T.Y0006\source\R5T.Y0006\R5T.Y0006.csproj", "{886BE2E9-F778-49A5-ACB1-BA28D3AB6DAA}"
EndProject
Global
	GlobalSection(NestedProjects) = preSolution
		{7EADDE34-890C-41B0-94AA-E79E7F425834} = {DE4052D5-A755-4B4E-B12B-DF45C23A77F0}
		{96A68436-D58B-418C-AC51-03E075DE63A0} = {DE4052D5-A755-4B4E-B12B-DF45C23A77F0}
		{564E6358-2CBA-46C2-AF51-3CD91CF2FDF4} = {DE4052D5-A755-4B4E-B12B-DF45C23A77F0}
		{3A4CDDAB-B5D3-47A4-9CE8-A55F289460D9} = {DE4052D5-A755-4B4E-B12B-DF45C23A77F0}
		{940351C9-1761-49FC-A0DE-43E02424F445} = {DE4052D5-A755-4B4E-B12B-DF45C23A77F0}
		{39C4804A-42C3-473B-8931-D2D5189E27F1} = {DE4052D5-A755-4B4E-B12B-DF45C23A77F0}
		{2AA9DDA9-AA3E-4A59-9648-C087DF9770E8} = {DE4052D5-A755-4B4E-B12B-DF45C23A77F0}
		{886BE2E9-F778-49A5-ACB1-BA28D3AB6DAA} = {DE4052D5-A755-4B4E-B12B-DF45C23A77F0}
	EndGlobalSection
	GlobalSection(SolutionConfigurationPlatforms) = preSolution
		Debug|Any CPU = Debug|Any CPU
		Release|Any CPU = Release|Any CPU
	EndGlobalSection
	GlobalSection(ProjectConfigurationPlatforms) = postSolution
		{8D2642B9-AB19-4545-A038-51A41F7D2FE7}.Debug|Any CPU.ActiveCfg = Debug|Any CPU
		{8D2642B9-AB19-4545-A038-51A41F7D2FE7}.Debug|Any CPU.Build.0 = Debug|Any CPU
		{8D2642B9-AB19-4545-A038-51A41F7D2FE7}.Release|Any CPU.ActiveCfg = Release|Any CPU
		{8D2642B9-AB19-4545-A038-51A41F7D2FE7}.Release|Any CPU.Build.0 = Release|Any CPU
		{645427BC-9AC5-48E0-A497-07AC634D50AA}.Debug|Any CPU.ActiveCfg = Debug|Any CPU
		{645427BC-9AC5-48E0-A497-07AC634D50AA}.Debug|Any CPU.Build.0 = Debug|Any CPU
		{645427BC-9AC5-48E0-A497-07AC634D50AA}.Release|Any CPU.ActiveCfg = Release|Any CPU
		{645427BC-9AC5-48E0-A497-07AC634D50AA}.Release|Any CPU.Build.0 = Release|Any CPU
		{7EADDE34-890C-41B0-94AA-E79E7F425834}.Debug|Any CPU.ActiveCfg = Debug|Any CPU
		{7EADDE34-890C-41B0-94AA-E79E7F425834}.Debug|Any CPU.Build.0 = Debug|Any CPU
		{7EADDE34-890C-41B0-94AA-E79E7F425834}.Release|Any CPU.ActiveCfg = Release|Any CPU
		{7EADDE34-890C-41B0-94AA-E79E7F425834}.Release|Any CPU.Build.0 = Release|Any CPU
		{96A68436-D58B-418C-AC51-03E075DE63A0}.Debug|Any CPU.ActiveCfg = Debug|Any CPU
		{96A68436-D58B-418C-AC51-03E075DE63A0}.Debug|Any CPU.Build.0 = Debug|Any CPU
		{96A68436-D58B-418C-AC51-03E075DE63A0}.Release|Any CPU.ActiveCfg = Release|Any CPU
		{96A68436-D58B-418C-AC51-03E075DE63A0}.Release|Any CPU.Build.0 = Release|Any CPU
		{564E6358-2CBA-46C2-AF51-3CD91CF2FDF4}.Debug|Any CPU.ActiveCfg = Debug|Any CPU
		{564E6358-2CBA-46C2-AF51-3CD91CF2FDF4}.Debug|Any CPU.Build.0 = Debug|Any CPU
		{564E6358-2CBA-46C2-AF51-3CD91CF2FDF4}.Release|Any CPU.ActiveCfg = Release|Any CPU
		{564E6358-2CBA-46C2-AF51-3CD91CF2FDF4}.Release|Any CPU.Build.0 = Release|Any CPU
		{3A4CDDAB-B5D3-47A4-9CE8-A55F289460D9}.Debug|Any CPU.ActiveCfg = Debug|Any CPU
		{3A4CDDAB-B5D3-47A4-9CE8-A55F289460D9}.Debug|Any CPU.Build.0 = Debug|Any CPU
		{3A4CDDAB-B5D3-47A4-9CE8-A55F289460D9}.Release|Any CPU.ActiveCfg = Release|Any CPU
		{3A4CDDAB-B5D3-47A4-9CE8-A55F289460D9}.Release|Any CPU.Build.0 = Release|Any CPU
		{940351C9-1761-49FC-A0DE-43E02424F445}.Debug|Any CPU.ActiveCfg = Debug|Any CPU
		{940351C9-1761-49FC-A0DE-43E02424F445}.Debug|Any CPU.Build.0 = Debug|Any CPU
		{940351C9-1761-49FC-A0DE-43E02424F445}.Release|Any CPU.ActiveCfg = Release|Any CPU
		{940351C9-1761-49FC-A0DE-43E02424F445}.Release|Any CPU.Build.0 = Release|Any CPU
		{39C4804A-42C3-473B-8931-D2D5189E27F1}.Debug|Any CPU.ActiveCfg = Debug|Any CPU
		{39C4804A-42C3-473B-8931-D2D5189E27F1}.Debug|Any CPU.Build.0 = Debug|Any CPU
		{39C4804A-42C3-473B-8931-D2D5189E27F1}.Release|Any CPU.ActiveCfg = Release|Any CPU
		{39C4804A-42C3-473B-8931-D2D5189E27F1}.Release|Any CPU.Build.0 = Release|Any CPU
		{2AA9DDA9-AA3E-4A59-9648-C087DF9770E8}.Debug|Any CPU.ActiveCfg = Debug|Any CPU
		{2AA9DDA9-AA3E-4A59-9648-C087DF9770E8}.Debug|Any CPU.Build.0 = Debug|Any CPU
		{2AA9DDA9-AA3E-4A59-9648-C087DF9770E8}.Release|Any CPU.ActiveCfg = Release|Any CPU
		{2AA9DDA9-AA3E-4A59-9648-C087DF9770E8}.Release|Any CPU.Build.0 = Release|Any CPU
		{886BE2E9-F778-49A5-ACB1-BA28D3AB6DAA}.Debug|Any CPU.ActiveCfg = Debug|Any CPU
		{886BE2E9-F778-49A5-ACB1-BA28D3AB6DAA}.Debug|Any CPU.Build.0 = Debug|Any CPU
		{886BE2E9-F778-49A5-ACB1-BA28D3AB6DAA}.Release|Any CPU.ActiveCfg = Release|Any CPU
		{886BE2E9-F778-49A5-ACB1-BA28D3AB6DAA}.Release|Any CPU.Build.0 = Release|Any CPU
	EndGlobalSection
	GlobalSection(SolutionProperties) = preSolution
		HideSolutionNode = FALSE
	EndGlobalSection
	GlobalSection(ExtensibilityGlobals) = postSolution
		SolutionGuid = {D950E8DB-5DCF-403B-AA0E-E20C31FC44D6}
	EndGlobalSection
EndGlobal
