
Microsoft Visual Studio Solution File, Format Version 12.00
# Visual Studio Version 17
VisualStudioVersion = 17.2.32630.192
MinimumVisualStudioVersion = 10.0.40219.1
Project("{9A19103F-16F7-4668-BE54-9A1E7A4F7556}") = "R5T.F0098", "R5T.F0098\R5T.F0098.csproj", "{AC200240-F041-439D-9CD3-681E8693A716}"
EndProject
Project("{2150E333-8FDC-42A3-9474-1A3956D46DE8}") = "_Dependencies", "_Dependencies", "{AF963A65-C77A-41C4-B1E3-AA164500848C}"
EndProject
Project("{9A19103F-16F7-4668-BE54-9A1E7A4F7556}") = "R5T.T0132", "..\..\R5T.T0132\source\R5T.T0132\R5T.T0132.csproj", "{C52AD870-2C16-4B73-936A-631BD950C3C4}"
EndProject
Project("{9A19103F-16F7-4668-BE54-9A1E7A4F7556}") = "R5T.T0143", "..\..\R5T.T0143\source\R5T.T0143\R5T.T0143.csproj", "{9F83AE87-757B-4CBD-A9A5-5CF749EA83BE}"
EndProject
Project("{9A19103F-16F7-4668-BE54-9A1E7A4F7556}") = "R5T.F0000", "..\..\R5T.F0000\source\R5T.F0000\R5T.F0000.csproj", "{C050F518-2AE8-41E8-956A-5A8376ADF115}"
EndProject
Project("{9A19103F-16F7-4668-BE54-9A1E7A4F7556}") = "R5T.F0002", "..\..\R5T.F0002\source\R5T.F0002\R5T.F0002.csproj", "{6569D0A7-EF38-46BC-9658-598EC7D27DA8}"
EndProject
Project("{9A19103F-16F7-4668-BE54-9A1E7A4F7556}") = "R5T.T0131", "..\..\R5T.T0131\source\R5T.T0131\R5T.T0131.csproj", "{AD7F6EF9-844D-4F5F-B1B0-27C101B9C928}"
EndProject
Project("{9A19103F-16F7-4668-BE54-9A1E7A4F7556}") = "R5T.T0142", "..\..\R5T.T0142\source\R5T.T0142\R5T.T0142.csproj", "{77DE3171-8DD7-4805-8307-B24F3D1F4305}"
EndProject
Project("{9A19103F-16F7-4668-BE54-9A1E7A4F7556}") = "R5T.Y0000", "..\..\R5T.Y0000\source\R5T.Y0000\R5T.Y0000.csproj", "{4185D30D-ACB8-43AE-982B-90F30E311D94}"
EndProject
Project("{9A19103F-16F7-4668-BE54-9A1E7A4F7556}") = "R5T.Z0000", "..\..\R5T.Z0000\source\R5T.Z0000\R5T.Z0000.csproj", "{17A51E13-4E93-4C3F-8A95-F289D124FF73}"
EndProject
Global
	GlobalSection(NestedProjects) = preSolution
		{C52AD870-2C16-4B73-936A-631BD950C3C4} = {AF963A65-C77A-41C4-B1E3-AA164500848C}
		{9F83AE87-757B-4CBD-A9A5-5CF749EA83BE} = {AF963A65-C77A-41C4-B1E3-AA164500848C}
		{C050F518-2AE8-41E8-956A-5A8376ADF115} = {AF963A65-C77A-41C4-B1E3-AA164500848C}
		{6569D0A7-EF38-46BC-9658-598EC7D27DA8} = {AF963A65-C77A-41C4-B1E3-AA164500848C}
		{AD7F6EF9-844D-4F5F-B1B0-27C101B9C928} = {AF963A65-C77A-41C4-B1E3-AA164500848C}
		{77DE3171-8DD7-4805-8307-B24F3D1F4305} = {AF963A65-C77A-41C4-B1E3-AA164500848C}
		{4185D30D-ACB8-43AE-982B-90F30E311D94} = {AF963A65-C77A-41C4-B1E3-AA164500848C}
		{17A51E13-4E93-4C3F-8A95-F289D124FF73} = {AF963A65-C77A-41C4-B1E3-AA164500848C}
	EndGlobalSection
	GlobalSection(SolutionConfigurationPlatforms) = preSolution
		Debug|Any CPU = Debug|Any CPU
		Release|Any CPU = Release|Any CPU
	EndGlobalSection
	GlobalSection(ProjectConfigurationPlatforms) = postSolution
		{AC200240-F041-439D-9CD3-681E8693A716}.Debug|Any CPU.ActiveCfg = Debug|Any CPU
		{AC200240-F041-439D-9CD3-681E8693A716}.Debug|Any CPU.Build.0 = Debug|Any CPU
		{AC200240-F041-439D-9CD3-681E8693A716}.Release|Any CPU.ActiveCfg = Release|Any CPU
		{AC200240-F041-439D-9CD3-681E8693A716}.Release|Any CPU.Build.0 = Release|Any CPU
		{C52AD870-2C16-4B73-936A-631BD950C3C4}.Debug|Any CPU.ActiveCfg = Debug|Any CPU
		{C52AD870-2C16-4B73-936A-631BD950C3C4}.Debug|Any CPU.Build.0 = Debug|Any CPU
		{C52AD870-2C16-4B73-936A-631BD950C3C4}.Release|Any CPU.ActiveCfg = Release|Any CPU
		{C52AD870-2C16-4B73-936A-631BD950C3C4}.Release|Any CPU.Build.0 = Release|Any CPU
		{9F83AE87-757B-4CBD-A9A5-5CF749EA83BE}.Debug|Any CPU.ActiveCfg = Debug|Any CPU
		{9F83AE87-757B-4CBD-A9A5-5CF749EA83BE}.Debug|Any CPU.Build.0 = Debug|Any CPU
		{9F83AE87-757B-4CBD-A9A5-5CF749EA83BE}.Release|Any CPU.ActiveCfg = Release|Any CPU
		{9F83AE87-757B-4CBD-A9A5-5CF749EA83BE}.Release|Any CPU.Build.0 = Release|Any CPU
		{C050F518-2AE8-41E8-956A-5A8376ADF115}.Debug|Any CPU.ActiveCfg = Debug|Any CPU
		{C050F518-2AE8-41E8-956A-5A8376ADF115}.Debug|Any CPU.Build.0 = Debug|Any CPU
		{C050F518-2AE8-41E8-956A-5A8376ADF115}.Release|Any CPU.ActiveCfg = Release|Any CPU
		{C050F518-2AE8-41E8-956A-5A8376ADF115}.Release|Any CPU.Build.0 = Release|Any CPU
		{6569D0A7-EF38-46BC-9658-598EC7D27DA8}.Debug|Any CPU.ActiveCfg = Debug|Any CPU
		{6569D0A7-EF38-46BC-9658-598EC7D27DA8}.Debug|Any CPU.Build.0 = Debug|Any CPU
		{6569D0A7-EF38-46BC-9658-598EC7D27DA8}.Release|Any CPU.ActiveCfg = Release|Any CPU
		{6569D0A7-EF38-46BC-9658-598EC7D27DA8}.Release|Any CPU.Build.0 = Release|Any CPU
		{AD7F6EF9-844D-4F5F-B1B0-27C101B9C928}.Debug|Any CPU.ActiveCfg = Debug|Any CPU
		{AD7F6EF9-844D-4F5F-B1B0-27C101B9C928}.Debug|Any CPU.Build.0 = Debug|Any CPU
		{AD7F6EF9-844D-4F5F-B1B0-27C101B9C928}.Release|Any CPU.ActiveCfg = Release|Any CPU
		{AD7F6EF9-844D-4F5F-B1B0-27C101B9C928}.Release|Any CPU.Build.0 = Release|Any CPU
		{77DE3171-8DD7-4805-8307-B24F3D1F4305}.Debug|Any CPU.ActiveCfg = Debug|Any CPU
		{77DE3171-8DD7-4805-8307-B24F3D1F4305}.Debug|Any CPU.Build.0 = Debug|Any CPU
		{77DE3171-8DD7-4805-8307-B24F3D1F4305}.Release|Any CPU.ActiveCfg = Release|Any CPU
		{77DE3171-8DD7-4805-8307-B24F3D1F4305}.Release|Any CPU.Build.0 = Release|Any CPU
		{4185D30D-ACB8-43AE-982B-90F30E311D94}.Debug|Any CPU.ActiveCfg = Debug|Any CPU
		{4185D30D-ACB8-43AE-982B-90F30E311D94}.Debug|Any CPU.Build.0 = Debug|Any CPU
		{4185D30D-ACB8-43AE-982B-90F30E311D94}.Release|Any CPU.ActiveCfg = Release|Any CPU
		{4185D30D-ACB8-43AE-982B-90F30E311D94}.Release|Any CPU.Build.0 = Release|Any CPU
		{17A51E13-4E93-4C3F-8A95-F289D124FF73}.Debug|Any CPU.ActiveCfg = Debug|Any CPU
		{17A51E13-4E93-4C3F-8A95-F289D124FF73}.Debug|Any CPU.Build.0 = Debug|Any CPU
		{17A51E13-4E93-4C3F-8A95-F289D124FF73}.Release|Any CPU.ActiveCfg = Release|Any CPU
		{17A51E13-4E93-4C3F-8A95-F289D124FF73}.Release|Any CPU.Build.0 = Release|Any CPU
	EndGlobalSection
	GlobalSection(SolutionProperties) = preSolution
		HideSolutionNode = FALSE
	EndGlobalSection
	GlobalSection(ExtensibilityGlobals) = postSolution
		SolutionGuid = {49A6843B-D048-4866-B10B-EFEC196B7FE0}
	EndGlobalSection
EndGlobal
